
Microsoft Visual Studio Solution File, Format Version 12.00
# Visual Studio Version 16
VisualStudioVersion = 16.0.32228.343
MinimumVisualStudioVersion = 10.0.40219.1
Project("{FAE04EC0-301F-11D3-BF4B-00C04F79EFBC}") = "Ogrenci_Not_Kayit_Sistemi", "Ogrenci_Not_Kayit_Sistemi\Ogrenci_Not_Kayit_Sistemi.csproj", "{B6634027-7576-4B95-866F-AAC7EAEC8D3B}"
EndProject
Global
	GlobalSection(SolutionConfigurationPlatforms) = preSolution
		Debug|Any CPU = Debug|Any CPU
		Release|Any CPU = Release|Any CPU
	EndGlobalSection
	GlobalSection(ProjectConfigurationPlatforms) = postSolution
		{B6634027-7576-4B95-866F-AAC7EAEC8D3B}.Debug|Any CPU.ActiveCfg = Debug|Any CPU
		{B6634027-7576-4B95-866F-AAC7EAEC8D3B}.Debug|Any CPU.Build.0 = Debug|Any CPU
		{B6634027-7576-4B95-866F-AAC7EAEC8D3B}.Release|Any CPU.ActiveCfg = Release|Any CPU
		{B6634027-7576-4B95-866F-AAC7EAEC8D3B}.Release|Any CPU.Build.0 = Release|Any CPU
	EndGlobalSection
	GlobalSection(SolutionProperties) = preSolution
		HideSolutionNode = FALSE
	EndGlobalSection
	GlobalSection(ExtensibilityGlobals) = postSolution
		SolutionGuid = {258332E9-E99A-4873-8F13-7DEFB4E61911}
	EndGlobalSection
EndGlobal
